{
  "object": {
    "pins": [
      {
        "package": "AwesomeDictionary",
        "repositoryURL": "https://github.com/pumperknickle/AwesomeDictionary.git",
        "state": {
          "branch": null,
          "revision": "34f9959e43cfedf27049f0316379b293e290f58e",
          "version": "0.0.3"
        }
      },
      {
        "package": "AwesomeTrie",
        "repositoryURL": "https://github.com/pumperknickle/AwesomeTrie.git",
        "state": {
          "branch": null,
          "revision": "0e6a7c813a36793ac3503bec3a849fd427af0a16",
          "version": "0.0.7"
        }
      },
      {
        "package": "Bedrock",
        "repositoryURL": "https://github.com/pumperknickle/Bedrock.git",
        "state": {
          "branch": null,
          "revision": "6214d09d54ffe31d54b1a329344725f985f9923f",
          "version": "0.1.2"
        }
      },
      {
        "package": "CwlCatchException",
        "repositoryURL": "https://github.com/mattgallagher/CwlCatchException.git",
        "state": {
          "branch": null,
          "revision": "7cd2f8cacc4d22f21bc0b2309c3b18acf7957b66",
          "version": "1.2.0"
        }
      },
      {
        "package": "CwlPreconditionTesting",
        "repositoryURL": "https://github.com/mattgallagher/CwlPreconditionTesting.git",
        "state": {
          "branch": null,
          "revision": "c228db5d2ad1b01ebc84435e823e6cca4e3db98b",
          "version": "1.2.0"
        }
      },
      {
        "package": "Nimble",
        "repositoryURL": "https://github.com/Quick/Nimble.git",
        "state": {
          "branch": null,
          "revision": "6abeb3f5c03beba2b9e4dbe20886e773b5b629b6",
          "version": "8.0.4"
        }
      },
      {
        "package": "Quick",
        "repositoryURL": "https://github.com/Quick/Quick.git",
        "state": {
          "branch": null,
          "revision": "33682c2f6230c60614861dfc61df267e11a1602f",
          "version": "2.2.0"
        }
      }
    ]
  },
  "version": 1
}
